// !$*UTF8*$!
{
	archiveVersion = 1;
	classes = {
	};
	objectVersion = 46;
	objects = {

/* Begin PBXBuildFile section */
		5A298C70195D1FAB006184EA /* main.m in Sources */ = {isa = PBXBuildFile; fileRef = 5A298C6F195D1FAB006184EA /* main.m */; };
		5A298C73195D1FAB006184EA /* AppDelegate.m in Sources */ = {isa = PBXBuildFile; fileRef = 5A298C72195D1FAB006184EA /* AppDelegate.m */; };
		5A298C76195D1FAB006184EA /* ViewController.m in Sources */ = {isa = PBXBuildFile; fileRef = 5A298C75195D1FAB006184EA /* ViewController.m */; };
		5A298C79195D1FAB006184EA /* Main.storyboard in Resources */ = {isa = PBXBuildFile; fileRef = 5A298C77195D1FAB006184EA /* Main.storyboard */; };
		5A298C7B195D1FAB006184EA /* Images.xcassets in Resources */ = {isa = PBXBuildFile; fileRef = 5A298C7A195D1FAB006184EA /* Images.xcassets */; };
		5A298C87195D1FAB006184EA /* _4XcodeTests.m in Sources */ = {isa = PBXBuildFile; fileRef = 5A298C86195D1FAB006184EA /* _4XcodeTests.m */; };
/* End PBXBuildFile section */

/* Begin PBXContainerItemProxy section */
		5A298C81195D1FAB006184EA /* PBXContainerItemProxy */ = {
			isa = PBXContainerItemProxy;
			containerPortal = 5A298C62195D1FAB006184EA /* Project object */;
			proxyType = 1;
			remoteGlobalIDString = 5A298C69195D1FAB006184EA;
			remoteInfo = 24Xcode;
		};
/* End PBXContainerItemProxy section */

/* Begin PBXFileReference section */
		5A298C6A195D1FAB006184EA /* 24Xcode.app */ = {isa = PBXFileReference; explicitFileType = wrapper.application; includeInIndex = 0; path = 24Xcode.app; sourceTree = BUILT_PRODUCTS_DIR; };
		5A298C6E195D1FAB006184EA /* Info.plist */ = {isa = PBXFileReference; lastKnownFileType = text.plist.xml; path = Info.plist; sourceTree = "<group>"; };
		5A298C6F195D1FAB006184EA /* main.m */ = {isa = PBXFileReference; lastKnownFileType = sourcecode.c.objc; path = main.m; sourceTree = "<group>"; };
		5A298C71195D1FAB006184EA /* AppDelegate.h */ = {isa = PBXFileReference; lastKnownFileType = sourcecode.c.h; path = AppDelegate.h; sourceTree = "<group>"; };
		5A298C72195D1FAB006184EA /* AppDelegate.m */ = {isa = PBXFileReference; lastKnownFileType = sourcecode.c.objc; path = AppDelegate.m; sourceTree = "<group>"; };
		5A298C74195D1FAB006184EA /* ViewController.h */ = {isa = PBXFileReference; lastKnownFileType = sourcecode.c.h; path = ViewController.h; sourceTree = "<group>"; };
		5A298C75195D1FAB006184EA /* ViewController.m */ = {isa = PBXFileReference; lastKnownFileType = sourcecode.c.objc; path = ViewController.m; sourceTree = "<group>"; };
		5A298C78195D1FAB006184EA /* Base */ = {isa = PBXFileReference; lastKnownFileType = file.storyboard; name = Base; path = Base.lproj/Main.storyboard; sourceTree = "<group>"; };
		5A298C7A195D1FAB006184EA /* Images.xcassets */ = {isa = PBXFileReference; lastKnownFileType = folder.assetcatalog; path = Images.xcassets; sourceTree = "<group>"; };
		5A298C80195D1FAB006184EA /* 24XcodeTests.xctest */ = {isa = PBXFileReference; explicitFileType = wrapper.cfbundle; includeInIndex = 0; path = 24XcodeTests.xctest; sourceTree = BUILT_PRODUCTS_DIR; };
		5A298C85195D1FAB006184EA /* Info.plist */ = {isa = PBXFileReference; lastKnownFileType = text.plist.xml; path = Info.plist; sourceTree = "<group>"; };
		5A298C86195D1FAB006184EA /* _4XcodeTests.m */ = {isa = PBXFileReference; lastKnownFileType = sourcecode.c.objc; path = _4XcodeTests.m; sourceTree = "<group>"; };
/* End PBXFileReference section */

/* Begin PBXFrameworksBuildPhase section */
		5A298C67195D1FAB006184EA /* Frameworks */ = {
			isa = PBXFrameworksBuildPhase;
			buildActionMask = 2147483647;
			files = (
			);
			runOnlyForDeploymentPostprocessing = 0;
		};
		5A298C7D195D1FAB006184EA /* Frameworks */ = {
			isa = PBXFrameworksBuildPhase;
			buildActionMask = 2147483647;
			files = (
			);
			runOnlyForDeploymentPostprocessing = 0;
		};
/* End PBXFrameworksBuildPhase section */

/* Begin PBXGroup section */
		5A298C61195D1FAB006184EA = {
			isa = PBXGroup;
			children = (
				5A298C6C195D1FAB006184EA /* 24Xcode */,
				5A298C83195D1FAB006184EA /* 24XcodeTests */,
				5A298C6B195D1FAB006184EA /* Products */,
			);
			sourceTree = "<group>";
		};
		5A298C6B195D1FAB006184EA /* Products */ = {
			isa = PBXGroup;
			children = (
				5A298C6A195D1FAB006184EA /* 24Xcode.app */,
				5A298C80195D1FAB006184EA /* 24XcodeTests.xctest */,
			);
			name = Products;
			sourceTree = "<group>";
		};
		5A298C6C195D1FAB006184EA /* 24Xcode */ = {
			isa = PBXGroup;
			children = (
				5A298C71195D1FAB006184EA /* AppDelegate.h */,
				5A298C72195D1FAB006184EA /* AppDelegate.m */,
				5A298C74195D1FAB006184EA /* ViewController.h */,
				5A298C75195D1FAB006184EA /* ViewController.m */,
				5A298C77195D1FAB006184EA /* Main.storyboard */,
				5A298C7A195D1FAB006184EA /* Images.xcassets */,
				5A298C6D195D1FAB006184EA /* Supporting Files */,
			);
			path = 24Xcode;
			sourceTree = "<group>";
		};
		5A298C6D195D1FAB006184EA /* Supporting Files */ = {
			isa = PBXGroup;
			children = (
				5A298C6E195D1FAB006184EA /* Info.plist */,
				5A298C6F195D1FAB006184EA /* main.m */,
			);
			name = "Supporting Files";
			sourceTree = "<group>";
		};
		5A298C83195D1FAB006184EA /* 24XcodeTests */ = {
			isa = PBXGroup;
			children = (
				5A298C86195D1FAB006184EA /* _4XcodeTests.m */,
				5A298C84195D1FAB006184EA /* Supporting Files */,
			);
			path = 24XcodeTests;
			sourceTree = "<group>";
		};
		5A298C84195D1FAB006184EA /* Supporting Files */ = {
			isa = PBXGroup;
			children = (
				5A298C85195D1FAB006184EA /* Info.plist */,
			);
			name = "Supporting Files";
			sourceTree = "<group>";
		};
/* End PBXGroup section */

/* Begin PBXNativeTarget section */
		5A298C69195D1FAB006184EA /* 24Xcode */ = {
			isa = PBXNativeTarget;
			buildConfigurationList = 5A298C8A195D1FAB006184EA /* Build configuration list for PBXNativeTarget "24Xcode" */;
			buildPhases = (
				5A298C66195D1FAB006184EA /* Sources */,
				5A298C67195D1FAB006184EA /* Frameworks */,
				5A298C68195D1FAB006184EA /* Resources */,
			);
			buildRules = (
			);
			dependencies = (
			);
			name = 24Xcode;
			productName = 24Xcode;
			productReference = 5A298C6A195D1FAB006184EA /* 24Xcode.app */;
			productType = "com.apple.product-type.application";
		};
		5A298C7F195D1FAB006184EA /* 24XcodeTests */ = {
			isa = PBXNativeTarget;
			buildConfigurationList = 5A298C8D195D1FAB006184EA /* Build configuration list for PBXNativeTarget "24XcodeTests" */;
			buildPhases = (
				5A298C7C195D1FAB006184EA /* Sources */,
				5A298C7D195D1FAB006184EA /* Frameworks */,
				5A298C7E195D1FAB006184EA /* Resources */,
			);
			buildRules = (
			);
			dependencies = (
				5A298C82195D1FAB006184EA /* PBXTargetDependency */,
			);
			name = 24XcodeTests;
			productName = 24XcodeTests;
			productReference = 5A298C80195D1FAB006184EA /* 24XcodeTests.xctest */;
			productType = "com.apple.product-type.bundle.unit-test";
		};
/* End PBXNativeTarget section */

/* Begin PBXProject section */
		5A298C62195D1FAB006184EA /* Project object */ = {
			isa = PBXProject;
			attributes = {
				LastUpgradeCheck = 0600;
				ORGANIZATIONNAME = ExcepApps;
				TargetAttributes = {
					5A298C69195D1FAB006184EA = {
						CreatedOnToolsVersion = 6.0;
					};
					5A298C7F195D1FAB006184EA = {
						CreatedOnToolsVersion = 6.0;
						TestTargetID = 5A298C69195D1FAB006184EA;
					};
				};
			};
			buildConfigurationList = 5A298C65195D1FAB006184EA /* Build configuration list for PBXProject "24Xcode" */;
			compatibilityVersion = "Xcode 3.2";
			developmentRegion = English;
			hasScannedForEncodings = 0;
			knownRegions = (
				en,
				Base,
			);
			mainGroup = 5A298C61195D1FAB006184EA;
			productRefGroup = 5A298C6B195D1FAB006184EA /* Products */;
			projectDirPath = "";
			projectRoot = "";
			targets = (
				5A298C69195D1FAB006184EA /* 24Xcode */,
				5A298C7F195D1FAB006184EA /* 24XcodeTests */,
			);
		};
/* End PBXProject section */

/* Begin PBXResourcesBuildPhase section */
		5A298C68195D1FAB006184EA /* Resources */ = {
			isa = PBXResourcesBuildPhase;
			buildActionMask = 2147483647;
			files = (
				5A298C79195D1FAB006184EA /* Main.storyboard in Resources */,
				5A298C7B195D1FAB006184EA /* Images.xcassets in Resources */,
			);
			runOnlyForDeploymentPostprocessing = 0;
		};
		5A298C7E195D1FAB006184EA /* Resources */ = {
			isa = PBXResourcesBuildPhase;
			buildActionMask = 2147483647;
			files = (
			);
			runOnlyForDeploymentPostprocessing = 0;
		};
/* End PBXResourcesBuildPhase section */

/* Begin PBXSourcesBuildPhase section */
		5A298C66195D1FAB006184EA /* Sources */ = {
			isa = PBXSourcesBuildPhase;
			buildActionMask = 2147483647;
			files = (
				5A298C76195D1FAB006184EA /* ViewController.m in Sources */,
				5A298C73195D1FAB006184EA /* AppDelegate.m in Sources */,
				5A298C70195D1FAB006184EA /* main.m in Sources */,
			);
			runOnlyForDeploymentPostprocessing = 0;
		};
		5A298C7C195D1FAB006184EA /* Sources */ = {
			isa = PBXSourcesBuildPhase;
			buildActionMask = 2147483647;
			files = (
				5A298C87195D1FAB006184EA /* _4XcodeTests.m in Sources */,
			);
			runOnlyForDeploymentPostprocessing = 0;
		};
/* End PBXSourcesBuildPhase section */

/* Begin PBXTargetDependency section */
		5A298C82195D1FAB006184EA /* PBXTargetDependency */ = {
			isa = PBXTargetDependency;
			target = 5A298C69195D1FAB006184EA /* 24Xcode */;
			targetProxy = 5A298C81195D1FAB006184EA /* PBXContainerItemProxy */;
		};
/* End PBXTargetDependency section */

/* Begin PBXVariantGroup section */
		5A298C77195D1FAB006184EA /* Main.storyboard */ = {
			isa = PBXVariantGroup;
			children = (
				5A298C78195D1FAB006184EA /* Base */,
			);
			name = Main.storyboard;
			sourceTree = "<group>";
		};
/* End PBXVariantGroup section */

/* Begin XCBuildConfiguration section */
		5A298C88195D1FAB006184EA /* Debug */ = {
			isa = XCBuildConfiguration;
			buildSettings = {
				ALWAYS_SEARCH_USER_PATHS = NO;
				CLANG_CXX_LANGUAGE_STANDARD = "gnu++0x";
				CLANG_CXX_LIBRARY = "libc++";
				CLANG_ENABLE_MODULES = YES;
				CLANG_ENABLE_OBJC_ARC = YES;
				CLANG_WARN_BOOL_CONVERSION = YES;
				CLANG_WARN_CONSTANT_CONVERSION = YES;
				CLANG_WARN_DIRECT_OBJC_ISA_USAGE = YES_ERROR;
				CLANG_WARN_EMPTY_BODY = YES;
				CLANG_WARN_ENUM_CONVERSION = YES;
				CLANG_WARN_INT_CONVERSION = YES;
				CLANG_WARN_OBJC_ROOT_CLASS = YES_ERROR;
				CLANG_WARN_UNREACHABLE_CODE = YES;
				CLANG_WARN__DUPLICATE_METHOD_MATCH = YES;
				"CODE_SIGN_IDENTITY[sdk=iphoneos*]" = "iPhone Developer";
				COPY_PHASE_STRIP = NO;
				ENABLE_STRICT_OBJC_MSGSEND = YES;
				GCC_C_LANGUAGE_STANDARD = gnu99;
				GCC_DYNAMIC_NO_PIC = NO;
				GCC_OPTIMIZATION_LEVEL = 0;
				GCC_PREPROCESSOR_DEFINITIONS = (
					"DEBUG=1",
					"$(inherited)",
				);
				GCC_SYMBOLS_PRIVATE_EXTERN = NO;
				GCC_WARN_64_TO_32_BIT_CONVERSION = YES;
				GCC_WARN_ABOUT_RETURN_TYPE = YES_ERROR;
				GCC_WARN_UNDECLARED_SELECTOR = YES;
				GCC_WARN_UNINITIALIZED_AUTOS = YES_AGGRESSIVE;
				GCC_WARN_UNUSED_FUNCTION = YES;
				GCC_WARN_UNUSED_VARIABLE = YES;
				IPHONEOS_DEPLOYMENT_TARGET = 8.0;
				METAL_ENABLE_DEBUG_INFO = YES;
				ONLY_ACTIVE_ARCH = YES;
				SDKROOT = iphoneos;
				TARGETED_DEVICE_FAMILY = "1,2";
			};
			name = Debug;
		};
		5A298C89195D1FAB006184EA /* Release */ = {
			isa = XCBuildConfiguration;
			buildSettings = {
				ALWAYS_SEARCH_USER_PATHS = NO;
				CLANG_CXX_LANGUAGE_STANDARD = "gnu++0x";
				CLANG_CXX_LIBRARY = "libc++";
				CLANG_ENABLE_MODULES = YES;
				CLANG_ENABLE_OBJC_ARC = YES;
				CLANG_WARN_BOOL_CONVERSION = YES;
				CLANG_WARN_CONSTANT_CONVERSION = YES;
				CLANG_WARN_DIRECT_OBJC_ISA_USAGE = YES_ERROR;
				CLANG_WARN_EMPTY_BODY = YES;
				CLANG_WARN_ENUM_CONVERSION = YES;
				CLANG_WARN_INT_CONVERSION = YES;
				CLANG_WARN_OBJC_ROOT_CLASS = YES_ERROR;
				CLANG_WARN_UNREACHABLE_CODE = YES;
				CLANG_WARN__DUPLICATE_METHOD_MATCH = YES;
				"CODE_SIGN_IDENTITY[sdk=iphoneos*]" = "iPhone Developer";
				COPY_PHASE_STRIP = YES;
				ENABLE_NS_ASSERTIONS = NO;
				ENABLE_STRICT_OBJC_MSGSEND = YES;
				GCC_C_LANGUAGE_STANDARD = gnu99;
				GCC_WARN_64_TO_32_BIT_CONVERSION = YES;
				GCC_WARN_ABOUT_RETURN_TYPE = YES_ERROR;
				GCC_WARN_UNDECLARED_SELECTOR = YES;
				GCC_WARN_UNINITIALIZED_AUTOS = YES_AGGRESSIVE;
				GCC_WARN_UNUSED_FUNCTION = YES;
				GCC_WARN_UNUSED_VARIABLE = YES;
				IPHONEOS_DEPLOYMENT_TARGET = 8.0;
				METAL_ENABLE_DEBUG_INFO = NO;
				SDKROOT = iphoneos;
				TARGETED_DEVICE_FAMILY = "1,2";
				VALIDATE_PRODUCT = YES;
			};
			name = Release;
		};
		5A298C8B195D1FAB006184EA /* Debug */ = {
			isa = XCBuildConfiguration;
			buildSettings = {
				ASSETCATALOG_COMPILER_APPICON_NAME = AppIcon;
				ASSETCATALOG_COMPILER_LAUNCHIMAGE_NAME = LaunchImage;
				INFOPLIST_FILE = 24Xcode/Info.plist;
				IPHONEOS_DEPLOYMENT_TARGET = 7.1;
				LD_RUNPATH_SEARCH_PATHS = "$(inherited) @executable_path/Frameworks";
				PRODUCT_NAME = "$(TARGET_NAME)";
			};
			name = Debug;
		};
		5A298C8C195D1FAB006184EA /* Release */ = {
			isa = XCBuildConfiguration;
			buildSettings = {
				ASSETCATALOG_COMPILER_APPICON_NAME = AppIcon;
				ASSETCATALOG_COMPILER_LAUNCHIMAGE_NAME = LaunchImage;
				INFOPLIST_FILE = 24Xcode/Info.plist;
				IPHONEOS_DEPLOYMENT_TARGET = 7.1;
				LD_RUNPATH_SEARCH_PATHS = "$(inherited) @executable_path/Frameworks";
				PRODUCT_NAME = "$(TARGET_NAME)";
			};
			name = Release;
		};
		5A298C8E195D1FAB006184EA /* Debug */ = {
			isa = XCBuildConfiguration;
			buildSettings = {
				BUNDLE_LOADER = "$(BUILT_PRODUCTS_DIR)/24Xcode.app/24Xcode";
				FRAMEWORK_SEARCH_PATHS = (
					"$(SDKROOT)/Developer/Library/Frameworks",
					"$(inherited)",
				);
				GCC_PREPROCESSOR_DEFINITIONS = (
					"DEBUG=1",
					"$(inherited)",
				);
				INFOPLIST_FILE = 24XcodeTests/Info.plist;
				LD_RUNPATH_SEARCH_PATHS = "$(inherited) @executable_path/Frameworks @loader_path/Frameworks";
				METAL_ENABLE_DEBUG_INFO = YES;
				PRODUCT_NAME = "$(TARGET_NAME)";
				TEST_HOST = "$(BUNDLE_LOADER)";
			};
			name = Debug;
		};
		5A298C8F195D1FAB006184EA /* Release */ = {
			isa = XCBuildConfiguration;
			buildSettings = {
				BUNDLE_LOADER = "$(BUILT_PRODUCTS_DIR)/24Xcode.app/24Xcode";
				FRAMEWORK_SEARCH_PATHS = (
					"$(SDKROOT)/Developer/Library/Frameworks",
					"$(inherited)",
				);
				INFOPLIST_FILE = 24XcodeTests/Info.plist;
				LD_RUNPATH_SEARCH_PATHS = "$(inherited) @executable_path/Frameworks @loader_path/Frameworks";
				METAL_ENABLE_DEBUG_INFO = NO;
				PRODUCT_NAME = "$(TARGET_NAME)";
				TEST_HOST = "$(BUNDLE_LOADER)";
			};
			name = Release;
		};
/* End XCBuildConfiguration section */

/* Begin XCConfigurationList section */
		5A298C65195D1FAB006184EA /* Build configuration list for PBXProject "24Xcode" */ = {
			isa = XCConfigurationList;
			buildConfigurations = (
				5A298C88195D1FAB006184EA /* Debug */,
				5A298C89195D1FAB006184EA /* Release */,
			);
			defaultConfigurationIsVisible = 0;
			defaultConfigurationName = Release;
		};
		5A298C8A195D1FAB006184EA /* Build configuration list for PBXNativeTarget "24Xcode" */ = {
			isa = XCConfigurationList;
			buildConfigurations = (
				5A298C8B195D1FAB006184EA /* Debug */,
				5A298C8C195D1FAB006184EA /* Release */,
			);
			defaultConfigurationIsVisible = 0;
		};
		5A298C8D195D1FAB006184EA /* Build configuration list for PBXNativeTarget "24XcodeTests" */ = {
			isa = XCConfigurationList;
			buildConfigurations = (
				5A298C8E195D1FAB006184EA /* Debug */,
				5A298C8F195D1FAB006184EA /* Release */,
			);
			defaultConfigurationIsVisible = 0;
		};
/* End XCConfigurationList section */
	};
	rootObject = 5A298C62195D1FAB006184EA /* Project object */;
}
